
Microsoft Visual Studio Solution File, Format Version 12.00
# Visual Studio Version 17
VisualStudioVersion = 17.7.34024.191
MinimumVisualStudioVersion = 10.0.40219.1
Project("{FAE04EC0-301F-11D3-BF4B-00C04F79EFBC}") = "CodePulse.API", "CodePulse.API\CodePulse.API.csproj", "{FA12461C-2C24-4AD8-9C84-6B7567E93079}"
EndProject
Global
	GlobalSection(SolutionConfigurationPlatforms) = preSolution
		Debug|Any CPU = Debug|Any CPU
		Release|Any CPU = Release|Any CPU
	EndGlobalSection
	GlobalSection(ProjectConfigurationPlatforms) = postSolution
		{FA12461C-2C24-4AD8-9C84-6B7567E93079}.Debug|Any CPU.ActiveCfg = Debug|Any CPU
		{FA12461C-2C24-4AD8-9C84-6B7567E93079}.Debug|Any CPU.Build.0 = Debug|Any CPU
		{FA12461C-2C24-4AD8-9C84-6B7567E93079}.Release|Any CPU.ActiveCfg = Release|Any CPU
		{FA12461C-2C24-4AD8-9C84-6B7567E93079}.Release|Any CPU.Build.0 = Release|Any CPU
	EndGlobalSection
	GlobalSection(SolutionProperties) = preSolution
		HideSolutionNode = FALSE
	EndGlobalSection
	GlobalSection(ExtensibilityGlobals) = postSolution
		SolutionGuid = {BF6B34DB-02A4-48F5-ABE8-B5610A8737E4}
	EndGlobalSection
EndGlobal
